
Microsoft Visual Studio Solution File, Format Version 12.00
# Visual Studio Version 16
VisualStudioVersion = 16.0.31005.135
MinimumVisualStudioVersion = 10.0.40219.1
Project("{FAE04EC0-301F-11D3-BF4B-00C04F79EFBC}") = "ConsoleApp1", "ConsoleApp1\ConsoleApp1.csproj", "{50866D33-1D89-46BC-BD28-5253B8D3F113}"
EndProject
Global
	GlobalSection(SolutionConfigurationPlatforms) = preSolution
		Debug|Any CPU = Debug|Any CPU
		Release|Any CPU = Release|Any CPU
	EndGlobalSection
	GlobalSection(ProjectConfigurationPlatforms) = postSolution
		{50866D33-1D89-46BC-BD28-5253B8D3F113}.Debug|Any CPU.ActiveCfg = Debug|Any CPU
		{50866D33-1D89-46BC-BD28-5253B8D3F113}.Debug|Any CPU.Build.0 = Debug|Any CPU
		{50866D33-1D89-46BC-BD28-5253B8D3F113}.Release|Any CPU.ActiveCfg = Release|Any CPU
		{50866D33-1D89-46BC-BD28-5253B8D3F113}.Release|Any CPU.Build.0 = Release|Any CPU
	EndGlobalSection
	GlobalSection(SolutionProperties) = preSolution
		HideSolutionNode = FALSE
	EndGlobalSection
	GlobalSection(ExtensibilityGlobals) = postSolution
		SolutionGuid = {35D63550-77C1-400C-AC36-A94D5F63D306}
	EndGlobalSection
EndGlobal
